
Microsoft Visual Studio Solution File, Format Version 12.00
# Visual Studio Version 17
VisualStudioVersion = 17.0.32112.339
MinimumVisualStudioVersion = 10.0.40219.1
Project("{9092AA53-FB77-4645-B42D-1CCCA6BD08BD}") = "NodeJSExpressApp1", "NodeJSExpressApp1\NodeJSExpressApp1.njsproj", "{54533129-E959-44CF-9884-16C8A29E5FA0}"
EndProject
Project("{FAE04EC0-301F-11D3-BF4B-00C04F79EFBC}") = "WebAPI", "WebAPI\WebAPI.csproj", "{2F2BCA61-4430-42AF-96DD-2CEDD96BDD19}"
EndProject
Project("{8BC9CEB8-8B4A-11D0-8D11-00A0C91BC942}") = "DBWrapper", "DBWrapper\DBWrapper.vcxproj", "{AC12615A-9B33-45BE-894F-34EBD7447E4A}"
EndProject
Global
	GlobalSection(SolutionConfigurationPlatforms) = preSolution
		Debug|Any CPU = Debug|Any CPU
		Debug|x64 = Debug|x64
		Debug|x86 = Debug|x86
		Release|Any CPU = Release|Any CPU
		Release|x64 = Release|x64
		Release|x86 = Release|x86
	EndGlobalSection
	GlobalSection(ProjectConfigurationPlatforms) = postSolution
		{54533129-E959-44CF-9884-16C8A29E5FA0}.Debug|Any CPU.ActiveCfg = Debug|Any CPU
		{54533129-E959-44CF-9884-16C8A29E5FA0}.Debug|Any CPU.Build.0 = Debug|Any CPU
		{54533129-E959-44CF-9884-16C8A29E5FA0}.Debug|x64.ActiveCfg = Debug|Any CPU
		{54533129-E959-44CF-9884-16C8A29E5FA0}.Debug|x64.Build.0 = Debug|Any CPU
		{54533129-E959-44CF-9884-16C8A29E5FA0}.Debug|x86.ActiveCfg = Debug|Any CPU
		{54533129-E959-44CF-9884-16C8A29E5FA0}.Debug|x86.Build.0 = Debug|Any CPU
		{54533129-E959-44CF-9884-16C8A29E5FA0}.Release|Any CPU.ActiveCfg = Release|Any CPU
		{54533129-E959-44CF-9884-16C8A29E5FA0}.Release|Any CPU.Build.0 = Release|Any CPU
		{54533129-E959-44CF-9884-16C8A29E5FA0}.Release|x64.ActiveCfg = Release|Any CPU
		{54533129-E959-44CF-9884-16C8A29E5FA0}.Release|x64.Build.0 = Release|Any CPU
		{54533129-E959-44CF-9884-16C8A29E5FA0}.Release|x86.ActiveCfg = Release|Any CPU
		{54533129-E959-44CF-9884-16C8A29E5FA0}.Release|x86.Build.0 = Release|Any CPU
		{2F2BCA61-4430-42AF-96DD-2CEDD96BDD19}.Debug|Any CPU.ActiveCfg = Debug|Any CPU
		{2F2BCA61-4430-42AF-96DD-2CEDD96BDD19}.Debug|Any CPU.Build.0 = Debug|Any CPU
		{2F2BCA61-4430-42AF-96DD-2CEDD96BDD19}.Debug|x64.ActiveCfg = Debug|Any CPU
		{2F2BCA61-4430-42AF-96DD-2CEDD96BDD19}.Debug|x64.Build.0 = Debug|Any CPU
		{2F2BCA61-4430-42AF-96DD-2CEDD96BDD19}.Debug|x86.ActiveCfg = Debug|Any CPU
		{2F2BCA61-4430-42AF-96DD-2CEDD96BDD19}.Debug|x86.Build.0 = Debug|Any CPU
		{2F2BCA61-4430-42AF-96DD-2CEDD96BDD19}.Release|Any CPU.ActiveCfg = Release|Any CPU
		{2F2BCA61-4430-42AF-96DD-2CEDD96BDD19}.Release|Any CPU.Build.0 = Release|Any CPU
		{2F2BCA61-4430-42AF-96DD-2CEDD96BDD19}.Release|x64.ActiveCfg = Release|Any CPU
		{2F2BCA61-4430-42AF-96DD-2CEDD96BDD19}.Release|x64.Build.0 = Release|Any CPU
		{2F2BCA61-4430-42AF-96DD-2CEDD96BDD19}.Release|x86.ActiveCfg = Release|Any CPU
		{2F2BCA61-4430-42AF-96DD-2CEDD96BDD19}.Release|x86.Build.0 = Release|Any CPU
		{AC12615A-9B33-45BE-894F-34EBD7447E4A}.Debug|Any CPU.ActiveCfg = Debug|x64
		{AC12615A-9B33-45BE-894F-34EBD7447E4A}.Debug|Any CPU.Build.0 = Debug|x64
		{AC12615A-9B33-45BE-894F-34EBD7447E4A}.Debug|x64.ActiveCfg = Debug|x64
		{AC12615A-9B33-45BE-894F-34EBD7447E4A}.Debug|x64.Build.0 = Debug|x64
		{AC12615A-9B33-45BE-894F-34EBD7447E4A}.Debug|x86.ActiveCfg = Debug|Win32
		{AC12615A-9B33-45BE-894F-34EBD7447E4A}.Debug|x86.Build.0 = Debug|Win32
		{AC12615A-9B33-45BE-894F-34EBD7447E4A}.Release|Any CPU.ActiveCfg = Release|x64
		{AC12615A-9B33-45BE-894F-34EBD7447E4A}.Release|Any CPU.Build.0 = Release|x64
		{AC12615A-9B33-45BE-894F-34EBD7447E4A}.Release|x64.ActiveCfg = Release|x64
		{AC12615A-9B33-45BE-894F-34EBD7447E4A}.Release|x64.Build.0 = Release|x64
		{AC12615A-9B33-45BE-894F-34EBD7447E4A}.Release|x86.ActiveCfg = Release|Win32
		{AC12615A-9B33-45BE-894F-34EBD7447E4A}.Release|x86.Build.0 = Release|Win32
	EndGlobalSection
	GlobalSection(SolutionProperties) = preSolution
		HideSolutionNode = FALSE
	EndGlobalSection
	GlobalSection(ExtensibilityGlobals) = postSolution
		SolutionGuid = {460CE8C0-ADD7-4D18-9395-18074CBA7343}
	EndGlobalSection
EndGlobal
